
Microsoft Visual Studio Solution File, Format Version 12.00
Project("{FAE04EC0-301F-11D3-BF4B-00C04F79EFBC}") = "Laborator_01", "Laborator_01.csproj", "{0AE9A7FC-5650-4F9E-8FF4-7E4D712558A4}"
EndProject
Global
	GlobalSection(SolutionConfigurationPlatforms) = preSolution
		Debug|Any CPU = Debug|Any CPU
		Release|Any CPU = Release|Any CPU
	EndGlobalSection
	GlobalSection(ProjectConfigurationPlatforms) = postSolution
		{0AE9A7FC-5650-4F9E-8FF4-7E4D712558A4}.Debug|Any CPU.ActiveCfg = Debug|Any CPU
		{0AE9A7FC-5650-4F9E-8FF4-7E4D712558A4}.Debug|Any CPU.Build.0 = Debug|Any CPU
		{0AE9A7FC-5650-4F9E-8FF4-7E4D712558A4}.Release|Any CPU.ActiveCfg = Release|Any CPU
		{0AE9A7FC-5650-4F9E-8FF4-7E4D712558A4}.Release|Any CPU.Build.0 = Release|Any CPU
	EndGlobalSection
EndGlobal
