
Microsoft Visual Studio Solution File, Format Version 12.00
Project("{FAE04EC0-301F-11D3-BF4B-00C04F79EFBC}") = "Laborator_04", "Laborator_04.csproj", "{A7844314-FA85-4FF3-A9BE-CCC9971BBF12}"
EndProject
Global
	GlobalSection(SolutionConfigurationPlatforms) = preSolution
		Debug|Any CPU = Debug|Any CPU
		Release|Any CPU = Release|Any CPU
	EndGlobalSection
	GlobalSection(ProjectConfigurationPlatforms) = postSolution
		{A7844314-FA85-4FF3-A9BE-CCC9971BBF12}.Debug|Any CPU.ActiveCfg = Debug|Any CPU
		{A7844314-FA85-4FF3-A9BE-CCC9971BBF12}.Debug|Any CPU.Build.0 = Debug|Any CPU
		{A7844314-FA85-4FF3-A9BE-CCC9971BBF12}.Release|Any CPU.ActiveCfg = Release|Any CPU
		{A7844314-FA85-4FF3-A9BE-CCC9971BBF12}.Release|Any CPU.Build.0 = Release|Any CPU
	EndGlobalSection
EndGlobal
